<?xml version="1.0" encoding="utf-8"?>
<Project ToolsVersion="4.0" xmlns="http://schemas.microsoft.com/developer/msbuild/2003">
  <ItemGroup>
    <Filter Include="源文件">
      <UniqueIdentifier>{4FC737F1-C7A5-4376-A066-2A32D752A2FF}</UniqueIdentifier>
      <Extensions>cpp;c;cc;cxx;def;odl;idl;hpj;bat;asm;asmx</Extensions>
    </Filter>
    <Filter Include="头文件">
      <UniqueIdentifier>{93995380-89BD-4b04-88EB-625FBE52EBFB}</UniqueIdentifier>
      <Extensions>h;hh;hpp;hxx;hm;inl;inc;ipp;xsd</Extensions>
    </Filter>
    <Filter Include="资源文件">
      <UniqueIdentifier>{67DA6AB6-F800-4c08-8B7A-83BB121AAD01}</UniqueIdentifier>
      <Extensions>rc;ico;cur;bmp;dlg;rc2;rct;bin;rgs;gif;jpg;jpeg;jpe;resx;tiff;tif;png;wav;mfcribbon-ms</Extensions>
    </Filter>
  </ItemGroup>
  <ItemGroup>
    <ClInclude Include="二叉树.h">
      <Filter>头文件</Filter>
    </ClInclude>
    <ClInclude Include="二叉树遍历.h">
      <Filter>头文件</Filter>
    </ClInclude>
    <ClInclude Include="二叉树构造.h">
      <Filter>头文件</Filter>
    </ClInclude>
    <ClInclude Include="哈夫曼树.h">
      <Filter>头文件</Filter>
    </ClInclude>
    <ClInclude Include="链栈.h">
      <Filter>头文件</Filter>
    </ClInclude>
    <ClInclude Include="邻接表.h">
      <Filter>头文件</Filter>
    </ClInclude>
    <ClInclude Include="邻接矩阵.h">
      <Filter>头文件</Filter>
    </ClInclude>
    <ClInclude Include="顺序队.h">
      <Filter>头文件</Filter>
    </ClInclude>
    <ClInclude Include="顺序栈.h">
      <Filter>头文件</Filter>
    </ClInclude>
    <ClInclude Include="图的遍历.h">
      <Filter>头文件</Filter>
    </ClInclude>
    <ClInclude Include="线索化二叉树.h">
      <Filter>头文件</Filter>
    </ClInclude>
    <ClInclude Include="线性表.h">
      <Filter>头文件</Filter>
    </ClInclude>
    <ClInclude Include="最短路径.h">
      <Filter>头文件</Filter>
    </ClInclude>
    <ClInclude Include="最小生成树.h">
      <Filter>头文件</Filter>
    </ClInclude>
  </ItemGroup>
  <ItemGroup>
    <ClCompile Include="例2-1.cpp">
      <Filter>源文件</Filter>
    </ClCompile>
    <ClCompile Include="例2-2.cpp">
      <Filter>源文件</Filter>
    </ClCompile>
    <ClCompile Include="例2-3.cpp">
      <Filter>源文件</Filter>
    </ClCompile>
    <ClCompile Include="例2-5.cpp">
      <Filter>源文件</Filter>
    </ClCompile>
    <ClCompile Include="例2-6.cpp">
      <Filter>源文件</Filter>
    </ClCompile>
    <ClCompile Include="例2-8.cpp">
      <Filter>源文件</Filter>
    </ClCompile>
    <ClCompile Include="例2-10.cpp">
      <Filter>源文件</Filter>
    </ClCompile>
    <ClCompile Include="例2-11.cpp">
      <Filter>源文件</Filter>
    </ClCompile>
    <ClCompile Include="例2-12.cpp">
      <Filter>源文件</Filter>
    </ClCompile>
    <ClCompile Include="例2-13简单选择排序.cpp">
      <Filter>源文件</Filter>
    </ClCompile>
    <ClCompile Include="例2-14冒泡排序.cpp">
      <Filter>源文件</Filter>
    </ClCompile>
    <ClCompile Include="例2-15求解递归方程.cpp">
      <Filter>源文件</Filter>
    </ClCompile>
    <ClCompile Include="例3-1分治法-快速排序.cpp">
      <Filter>源文件</Filter>
    </ClCompile>
    <ClCompile Include="例3-2二分法中的划分算法.cpp">
      <Filter>源文件</Filter>
    </ClCompile>
    <ClCompile Include="例3-3二路归并.cpp">
      <Filter>源文件</Filter>
    </ClCompile>
    <ClCompile Include="例3-4求DNA的逆序数.cpp">
      <Filter>源文件</Filter>
    </ClCompile>
    <ClCompile Include="例3-5查找最大元素和次大元素.cpp">
      <Filter>源文件</Filter>
    </ClCompile>
    <ClCompile Include="例3-6折半查找.cpp">
      <Filter>源文件</Filter>
    </ClCompile>
    <ClCompile Include="例3-7寻找第k小元素.cpp">
      <Filter>源文件</Filter>
    </ClCompile>
    <ClCompile Include="例3-8寻找两个等长有序序列的中位数.cpp">
      <Filter>源文件</Filter>
    </ClCompile>
    <ClCompile Include="例3-9寻找最大子序列和.cpp">
      <Filter>源文件</Filter>
    </ClCompile>
    <ClCompile Include="例3-10棋盘覆盖问题.cpp">
      <Filter>源文件</Filter>
    </ClCompile>
    <ClCompile Include="例3-11循环日程安排问题.cpp">
      <Filter>源文件</Filter>
    </ClCompile>
    <ClCompile Include="例4-1输出所有完全数.cpp">
      <Filter>源文件</Filter>
    </ClCompile>
    <ClCompile Include="例4-3象棋算式.cpp">
      <Filter>源文件</Filter>
    </ClCompile>
    <ClCompile Include="例4-4简单选择排序.cpp">
      <Filter>源文件</Filter>
    </ClCompile>
    <ClCompile Include="例4-5冒泡排序.cpp">
      <Filter>源文件</Filter>
    </ClCompile>
    <ClCompile Include="例4-6字符串匹配.cpp">
      <Filter>源文件</Filter>
    </ClCompile>
    <ClCompile Include="例4-7字符串匹配-子串个数.cpp">
      <Filter>源文件</Filter>
    </ClCompile>
    <ClCompile Include="作业1-1.cpp">
      <Filter>源文件</Filter>
    </ClCompile>
    <ClCompile Include="作业1-2.cpp">
      <Filter>源文件</Filter>
    </ClCompile>
    <ClCompile Include="作业1-3.cpp">
      <Filter>源文件</Filter>
    </ClCompile>
    <ClCompile Include="作业1-4.cpp">
      <Filter>源文件</Filter>
    </ClCompile>
    <ClCompile Include="作业1-5.cpp">
      <Filter>源文件</Filter>
    </ClCompile>
    <ClCompile Include="作业1-6.cpp">
      <Filter>源文件</Filter>
    </ClCompile>
    <ClCompile Include="例4-8最大连续子序列和.cpp">
      <Filter>源文件</Filter>
    </ClCompile>
    <ClCompile Include="例4-9求解幂集问题.cpp">
      <Filter>源文件</Filter>
    </ClCompile>
    <ClCompile Include="例4-10-0、1背包问题.cpp">
      <Filter>源文件</Filter>
    </ClCompile>
    <ClCompile Include="例4-11全排列问题.cpp">
      <Filter>源文件</Filter>
    </ClCompile>
    <ClCompile Include="例4-12任务分配问题.cpp">
      <Filter>源文件</Filter>
    </ClCompile>
    <ClCompile Include="例4-13求解幂集问题-递归方法.cpp">
      <Filter>源文件</Filter>
    </ClCompile>
    <ClCompile Include="例4-14求解组合问题-递归方法.cpp">
      <Filter>源文件</Filter>
    </ClCompile>
    <ClCompile Include="例4-15DFS遍历图-求简单路径.cpp">
      <Filter>源文件</Filter>
    </ClCompile>
    <ClCompile Include="例4-16BFS遍历图-求最短路径.cpp">
      <Filter>源文件</Filter>
    </ClCompile>
    <ClCompile Include="例4-17迷宫问题.cpp">
      <Filter>源文件</Filter>
    </ClCompile>
    <ClCompile Include="例4-18CSP-顾客送餐问题.cpp">
      <Filter>源文件</Filter>
    </ClCompile>
    <ClCompile Include="例5-0回溯法概述.cpp">
      <Filter>源文件</Filter>
    </ClCompile>
    <ClCompile Include="例5-2和为100的算式.cpp">
      <Filter>源文件</Filter>
    </ClCompile>
    <ClCompile Include="例5-3求解0、1背包问题.cpp">
      <Filter>源文件</Filter>
    </ClCompile>
    <ClCompile Include="例5-4求解简单装载问题.cpp">
      <Filter>源文件</Filter>
    </ClCompile>
    <ClCompile Include="例5-5求解复杂装箱问题.cpp">
      <Filter>源文件</Filter>
    </ClCompile>
    <ClCompile Include="例5-6求子集和问题.cpp">
      <Filter>源文件</Filter>
    </ClCompile>
    <ClCompile Include="n皇后问题.cpp">
      <Filter>源文件</Filter>
    </ClCompile>
    <ClCompile Include="作业2-2.cpp">
      <Filter>源文件</Filter>
    </ClCompile>
    <ClCompile Include="作业2-3.cpp">
      <Filter>源文件</Filter>
    </ClCompile>
    <ClCompile Include="作业2-4.cpp">
      <Filter>源文件</Filter>
    </ClCompile>
    <ClCompile Include="例5-7求解n皇后问题%28还没看%29.cpp">
      <Filter>源文件</Filter>
    </ClCompile>
    <ClCompile Include="例5-8求解图的m着色问题.cpp">
      <Filter>源文件</Filter>
    </ClCompile>
    <ClCompile Include="例5-9任务分配问题.cpp">
      <Filter>源文件</Filter>
    </ClCompile>
    <ClCompile Include="例5-10【排列树】活动安排问题.cpp">
      <Filter>源文件</Filter>
    </ClCompile>
    <ClCompile Include="例5-1【子集树】求幂集.cpp">
      <Filter>源文件</Filter>
    </ClCompile>
    <ClCompile Include="例5-11流水线作业调度问题.cpp">
      <Filter>源文件</Filter>
    </ClCompile>
    <ClCompile Include="例5-12任务调度CSP认证题.cpp">
      <Filter>源文件</Filter>
    </ClCompile>
    <ClCompile Include="例6-0分支界限法概述.cpp">
      <Filter>源文件</Filter>
    </ClCompile>
    <ClCompile Include="例6-1-0，1背包问题【普通分支】.cpp">
      <Filter>源文件</Filter>
    </ClCompile>
    <ClCompile Include="例6-2-0、1背包问题【优先队列分支】.cpp">
      <Filter>源文件</Filter>
    </ClCompile>
    <ClCompile Include="例6-3图的单源最短路径【普通分支】.cpp">
      <Filter>源文件</Filter>
    </ClCompile>
    <ClCompile Include="例6-4图的单源最短路径【优先队列分支】.cpp">
      <Filter>源文件</Filter>
    </ClCompile>
    <ClCompile Include="例6-5任务分配问题.cpp">
      <Filter>源文件</Filter>
    </ClCompile>
    <ClCompile Include="例6-6流水线作业问题.cpp">
      <Filter>源文件</Filter>
    </ClCompile>
    <ClCompile Include="例7-0贪心法概述.cpp">
      <Filter>源文件</Filter>
    </ClCompile>
    <ClCompile Include="例7-1活动安排问题.cpp">
      <Filter>源文件</Filter>
    </ClCompile>
    <ClCompile Include="例7-2蓄栏保留问题.cpp">
      <Filter>源文件</Filter>
    </ClCompile>
    <ClCompile Include="例7-3背包问题.cpp">
      <Filter>源文件</Filter>
    </ClCompile>
    <ClCompile Include="例7-4最优装载问题.cpp">
      <Filter>源文件</Filter>
    </ClCompile>
    <ClCompile Include="例7-5田忌赛马问题.cpp">
      <Filter>源文件</Filter>
    </ClCompile>
    <ClCompile Include="例7-6多机调度问题.cpp">
      <Filter>源文件</Filter>
    </ClCompile>
    <ClCompile Include="例7-7哈夫曼编码.cpp">
      <Filter>源文件</Filter>
    </ClCompile>
    <ClCompile Include="例7-8带惩罚的任务调度.cpp">
      <Filter>源文件</Filter>
    </ClCompile>
    <ClCompile Include="例7-9流水线作业调度问题.cpp">
      <Filter>源文件</Filter>
    </ClCompile>
    <ClCompile Include="作业3-1.cpp">
      <Filter>源文件</Filter>
    </ClCompile>
    <ClCompile Include="作业3-2.cpp">
      <Filter>源文件</Filter>
    </ClCompile>
    <ClCompile Include="作业3-3.cpp">
      <Filter>源文件</Filter>
    </ClCompile>
    <ClCompile Include="例8-0动态规划法概述.cpp">
      <Filter>源文件</Filter>
    </ClCompile>
    <ClCompile Include="例8-1整数拆分问题.cpp">
      <Filter>头文件</Filter>
    </ClCompile>
    <ClCompile Include="例8-2最大子序列问题.cpp">
      <Filter>源文件</Filter>
    </ClCompile>
    <ClCompile Include="例8-3三角形最小路径.cpp">
      <Filter>源文件</Filter>
    </ClCompile>
    <ClCompile Include="例8-4最长公共子序列问题.cpp">
      <Filter>源文件</Filter>
    </ClCompile>
    <ClCompile Include="例8-5最长递增子序列.cpp">
      <Filter>源文件</Filter>
    </ClCompile>
    <ClCompile Include="例8-6编辑距离问题.cpp">
      <Filter>源文件</Filter>
    </ClCompile>
  </ItemGroup>
</Project>